<?xml version="1.0" encoding="utf-8"?>
<Project ToolsVersion="4.0" xmlns="http://schemas.microsoft.com/developer/msbuild/2003">
  <ItemGroup>
    <Filter Include="ソース ファイル">
      <UniqueIdentifier>{4FC737F1-C7A5-4376-A066-2A32D752A2FF}</UniqueIdentifier>
      <Extensions>cpp;c;cc;cxx;c++;cppm;ixx;def;odl;idl;hpj;bat;asm;asmx</Extensions>
    </Filter>
    <Filter Include="ヘッダー ファイル">
      <UniqueIdentifier>{93995380-89BD-4b04-88EB-625FBE52EBFB}</UniqueIdentifier>
      <Extensions>h;hh;hpp;hxx;h++;hm;inl;inc;ipp;xsd</Extensions>
    </Filter>
    <Filter Include="リソース ファイル">
      <UniqueIdentifier>{67DA6AB6-F800-4c08-8B7A-83BB121AAD01}</UniqueIdentifier>
      <Extensions>rc;ico;cur;bmp;dlg;rc2;rct;bin;rgs;gif;jpg;jpeg;jpe;resx;tiff;tif;png;wav;mfcribbon-ms</Extensions>
    </Filter>
    <Filter Include="imgui">
      <UniqueIdentifier>{7103fe0f-b9fa-4e56-8e3a-1cd5f656cfd1}</UniqueIdentifier>
    </Filter>
    <Filter Include="base">
      <UniqueIdentifier>{ce8c4362-abee-49e6-9d05-6523abef56cc}</UniqueIdentifier>
    </Filter>
    <Filter Include="math">
      <UniqueIdentifier>{2896d360-9ca0-47d0-ae39-c4a31f6d233e}</UniqueIdentifier>
    </Filter>
    <Filter Include="camera">
      <UniqueIdentifier>{5cbe7a0d-853c-4cf6-a63c-2f5cb5ef50a3}</UniqueIdentifier>
    </Filter>
    <Filter Include="3d">
      <UniqueIdentifier>{c84b18fd-de6e-416c-b228-c8eb03ed1ec4}</UniqueIdentifier>
    </Filter>
    <Filter Include="audio">
      <UniqueIdentifier>{556c72bd-7d83-4fad-9946-c81a9162ab53}</UniqueIdentifier>
    </Filter>
    <Filter Include="input">
      <UniqueIdentifier>{7fe7b9ab-76cb-48b8-a34a-6236ecd46fa1}</UniqueIdentifier>
    </Filter>
    <Filter Include="2d">
      <UniqueIdentifier>{6e6e883b-e9d5-4820-90d5-3bf74242c7bb}</UniqueIdentifier>
    </Filter>
    <Filter Include="core">
      <UniqueIdentifier>{ce14d3a6-13e4-491b-9519-373e7471e983}</UniqueIdentifier>
    </Filter>
    <Filter Include="particle">
      <UniqueIdentifier>{aea44df6-04d0-42a8-9255-679e1a8b2858}</UniqueIdentifier>
    </Filter>
    <Filter Include="scene">
      <UniqueIdentifier>{eb5fc914-941c-487b-803c-ec9884c14fc9}</UniqueIdentifier>
    </Filter>
    <Filter Include="game">
      <UniqueIdentifier>{1eb18fa3-9a7b-443c-8a0e-85e708f8d847}</UniqueIdentifier>
    </Filter>
    <Filter Include="editor">
      <UniqueIdentifier>{0a8f2258-5513-49c2-8d13-044fd5b70912}</UniqueIdentifier>
    </Filter>
  </ItemGroup>
  <ItemGroup>
    <ClInclude Include="externals\imgui\imconfig.h">
      <Filter>imgui</Filter>
    </ClInclude>
    <ClInclude Include="externals\imgui\imgui.h">
      <Filter>imgui</Filter>
    </ClInclude>
    <ClInclude Include="externals\imgui\imgui_impl_dx12.h">
      <Filter>imgui</Filter>
    </ClInclude>
    <ClInclude Include="externals\imgui\imgui_impl_win32.h">
      <Filter>imgui</Filter>
    </ClInclude>
    <ClInclude Include="externals\imgui\imgui_internal.h">
      <Filter>imgui</Filter>
    </ClInclude>
    <ClInclude Include="externals\imgui\imstb_rectpack.h">
      <Filter>imgui</Filter>
    </ClInclude>
    <ClInclude Include="externals\imgui\imstb_textedit.h">
      <Filter>imgui</Filter>
    </ClInclude>
    <ClInclude Include="externals\imgui\imstb_truetype.h">
      <Filter>imgui</Filter>
    </ClInclude>
    <ClInclude Include="base\CrashHandler.h">
      <Filter>base</Filter>
    </ClInclude>
    <ClInclude Include="base\DirectXCommon.h">
      <Filter>base</Filter>
    </ClInclude>
    <ClInclude Include="base\Logger.h">
      <Filter>base</Filter>
    </ClInclude>
    <ClInclude Include="base\StringUtility.h">
      <Filter>base</Filter>
    </ClInclude>
    <ClInclude Include="base\WinApp.h">
      <Filter>base</Filter>
    </ClInclude>
    <ClInclude Include="math\Matrix4x4.h">
      <Filter>math</Filter>
    </ClInclude>
    <ClInclude Include="math\Vector2.h">
      <Filter>math</Filter>
    </ClInclude>
    <ClInclude Include="math\Vector3.h">
      <Filter>math</Filter>
    </ClInclude>
    <ClInclude Include="math\Vector4.h">
      <Filter>math</Filter>
    </ClInclude>
    <ClInclude Include="camera\DebugCamera.h">
      <Filter>camera</Filter>
    </ClInclude>
    <ClInclude Include="3d\VertexData.h">
      <Filter>3d</Filter>
    </ClInclude>
    <ClInclude Include="audio\Audio.h">
      <Filter>audio</Filter>
    </ClInclude>
    <ClInclude Include="input\Input.h">
      <Filter>input</Filter>
    </ClInclude>
    <ClInclude Include="input\KonamiCommand.h">
      <Filter>input</Filter>
    </ClInclude>
    <ClInclude Include="3d\Model.h">
      <Filter>3d</Filter>
    </ClInclude>
    <ClInclude Include="3d\ModelData.h">
      <Filter>3d</Filter>
    </ClInclude>
    <ClInclude Include="3d\ModelLoader.h">
      <Filter>3d</Filter>
    </ClInclude>
    <ClInclude Include="3d\ModelManager.h">
      <Filter>3d</Filter>
    </ClInclude>
    <ClInclude Include="3d\Object3d.h">
      <Filter>3d</Filter>
    </ClInclude>
    <ClInclude Include="3d\Object3dCommon.h">
      <Filter>3d</Filter>
    </ClInclude>
    <ClInclude Include="2d\Sprite.h">
      <Filter>2d</Filter>
    </ClInclude>
    <ClInclude Include="2d\SpriteCommon.h">
      <Filter>2d</Filter>
    </ClInclude>
    <ClInclude Include="base\BasicPipeline.h">
      <Filter>base</Filter>
    </ClInclude>
    <ClInclude Include="base\ShaderTypes.h">
      <Filter>base</Filter>
    </ClInclude>
    <ClInclude Include="base\SrvManager.h">
      <Filter>base</Filter>
    </ClInclude>
    <ClInclude Include="base\TextureManager.h">
      <Filter>base</Filter>
    </ClInclude>
    <ClInclude Include="math\Transform.h">
      <Filter>math</Filter>
    </ClInclude>
    <ClInclude Include="base\ImGuiManager.h">
      <Filter>base</Filter>
    </ClInclude>
    <ClInclude Include="math\Color.h">
      <Filter>math</Filter>
    </ClInclude>
    <ClInclude Include="camera\Camera.h">
      <Filter>camera</Filter>
    </ClInclude>
    <ClInclude Include="core\Framework.h">
      <Filter>core</Filter>
    </ClInclude>
    <ClInclude Include="core\Game.h">
      <Filter>core</Filter>
    </ClInclude>
    <ClInclude Include="particle\ParticleSystem.h">
      <Filter>particle</Filter>
    </ClInclude>
    <ClInclude Include="scene\GameScene.h">
      <Filter>scene</Filter>
    </ClInclude>
    <ClInclude Include="scene\Scene.h">
      <Filter>scene</Filter>
    </ClInclude>
    <ClInclude Include="scene\SceneContext.h">
      <Filter>scene</Filter>
    </ClInclude>
    <ClInclude Include="scene\SceneManager.h">
      <Filter>scene</Filter>
    </ClInclude>
    <ClInclude Include="game\GameObject.h">
      <Filter>game</Filter>
    </ClInclude>
    <ClInclude Include="game\SpinningObject.h">
      <Filter>game</Filter>
    </ClInclude>
    <ClInclude Include="editor\EditorLayout.h">
      <Filter>editor</Filter>
    </ClInclude>
    <ClInclude Include="editor\ViewportPicking.h">
      <Filter>editor</Filter>
    </ClInclude>
    <ClInclude Include="base\BlendMode.h">
      <Filter>base</Filter>
    </ClInclude>
    <ClInclude Include="particle\ParticleEmitter.h">
      <Filter>particle</Filter>
    </ClInclude>
    <ClInclude Include="scene\TitleScene.h">
      <Filter>scene</Filter>
    </ClInclude>
    <ClInclude Include="3d\InstancedPlanes.h">
      <Filter>ヘッダー ファイル</Filter>
    </ClInclude>
  </ItemGroup>
  <ItemGroup>
    <ClCompile Include="main.cpp">
      <Filter>ソース ファイル</Filter>
    </ClCompile>
    <ClCompile Include="externals\imgui\imgui.cpp">
      <Filter>imgui</Filter>
    </ClCompile>
    <ClCompile Include="externals\imgui\imgui_demo.cpp">
      <Filter>imgui</Filter>
    </ClCompile>
    <ClCompile Include="externals\imgui\imgui_draw.cpp">
      <Filter>imgui</Filter>
    </ClCompile>
    <ClCompile Include="externals\imgui\imgui_impl_dx12.cpp">
      <Filter>imgui</Filter>
    </ClCompile>
    <ClCompile Include="externals\imgui\imgui_impl_win32.cpp">
      <Filter>imgui</Filter>
    </ClCompile>
    <ClCompile Include="externals\imgui\imgui_tables.cpp">
      <Filter>imgui</Filter>
    </ClCompile>
    <ClCompile Include="externals\imgui\imgui_widgets.cpp">
      <Filter>imgui</Filter>
    </ClCompile>
    <ClCompile Include="base\CrashHandler.cpp">
      <Filter>base</Filter>
    </ClCompile>
    <ClCompile Include="base\DirectXCommon.cpp">
      <Filter>base</Filter>
    </ClCompile>
    <ClCompile Include="base\Logger.cpp">
      <Filter>base</Filter>
    </ClCompile>
    <ClCompile Include="base\StringUtility.cpp">
      <Filter>base</Filter>
    </ClCompile>
    <ClCompile Include="base\WinApp.cpp">
      <Filter>base</Filter>
    </ClCompile>
    <ClCompile Include="camera\DebugCamera.cpp">
      <Filter>camera</Filter>
    </ClCompile>
    <ClCompile Include="audio\Audio.cpp">
      <Filter>audio</Filter>
    </ClCompile>
    <ClCompile Include="input\Input.cpp">
      <Filter>input</Filter>
    </ClCompile>
    <ClCompile Include="input\KonamiCommand.cpp">
      <Filter>input</Filter>
    </ClCompile>
    <ClCompile Include="3d\Model.cpp">
      <Filter>3d</Filter>
    </ClCompile>
    <ClCompile Include="3d\ModelLoader.cpp">
      <Filter>3d</Filter>
    </ClCompile>
    <ClCompile Include="3d\ModelManager.cpp">
      <Filter>3d</Filter>
    </ClCompile>
    <ClCompile Include="3d\Object3d.cpp">
      <Filter>3d</Filter>
    </ClCompile>
    <ClCompile Include="3d\Object3dCommon.cpp">
      <Filter>3d</Filter>
    </ClCompile>
    <ClCompile Include="2d\Sprite.cpp">
      <Filter>2d</Filter>
    </ClCompile>
    <ClCompile Include="2d\SpriteCommon.cpp">
      <Filter>2d</Filter>
    </ClCompile>
    <ClCompile Include="base\BasicPipeline.cpp">
      <Filter>base</Filter>
    </ClCompile>
    <ClCompile Include="base\SrvManager.cpp">
      <Filter>base</Filter>
    </ClCompile>
    <ClCompile Include="base\TextureManager.cpp">
      <Filter>base</Filter>
    </ClCompile>
    <ClCompile Include="base\ImGuiManager.cpp">
      <Filter>base</Filter>
    </ClCompile>
    <ClCompile Include="camera\Camera.cpp">
      <Filter>camera</Filter>
    </ClCompile>
    <ClCompile Include="core\Framework.cpp">
      <Filter>core</Filter>
    </ClCompile>
    <ClCompile Include="core\Game.cpp">
      <Filter>core</Filter>
    </ClCompile>
    <ClCompile Include="particle\ParticleSystem.cpp">
      <Filter>particle</Filter>
    </ClCompile>
    <ClCompile Include="scene\GameScene.cpp">
      <Filter>scene</Filter>
    </ClCompile>
    <ClCompile Include="scene\SceneManager.cpp">
      <Filter>scene</Filter>
    </ClCompile>
    <ClCompile Include="scene\TitleScene.cpp">
      <Filter>scene</Filter>
    </ClCompile>
    <ClCompile Include="game\GameObject.cpp">
      <Filter>game</Filter>
    </ClCompile>
    <ClCompile Include="editor\EditorLayout.cpp">
      <Filter>editor</Filter>
    </ClCompile>
    <ClCompile Include="editor\ViewportPicking.cpp">
      <Filter>editor</Filter>
    </ClCompile>
    <ClCompile Include="particle\ParticleEmitter.cpp">
      <Filter>particle</Filter>
    </ClCompile>
    <ClCompile Include="3d\InstancedPlanes.cpp">
      <Filter>ソース ファイル</Filter>
    </ClCompile>
  </ItemGroup>
  <ItemGroup>
    <Text Include="externals\imgui\LICENSE.txt">
      <Filter>imgui</Filter>
    </Text>
  </ItemGroup>
  <ItemGroup>
    <FxCompile Include="Engine\Shaders\InstancedPlane.PS.hlsl" />
    <FxCompile Include="Engine\Shaders\InstancedPlane.VS.hlsl" />
    <FxCompile Include="Engine\Shaders\Object3d.PS.hlsl" />
    <FxCompile Include="Engine\Shaders\Object3d.VS.hlsl" />
    <FxCompile Include="Engine\Shaders\Particle.PS.hlsl" />
    <FxCompile Include="Engine\Shaders\Particle.VS.hlsl" />
  </ItemGroup>
  <ItemGroup>
    <None Include="Engine\Shaders\Object3d.hlsli" />
  </ItemGroup>
</Project>